// !$*UTF8*$!
{
	archiveVersion = 1;
	classes = {
	};
	objectVersion = 50;
	objects = {

/* Begin PBXBuildFile section */
		AB3FEACB21C43D8C00668CC8 /* InternetDetailViewController.swift in Sources */ = {isa = PBXBuildFile; fileRef = AB3FEACA21C43D8C00668CC8 /* InternetDetailViewController.swift */; };
		AB3FEACD21C4454500668CC8 /* InternetMasterViewController.swift in Sources */ = {isa = PBXBuildFile; fileRef = AB3FEACC21C4454500668CC8 /* InternetMasterViewController.swift */; };
		AB6DA4F321C1AC2000F8F284 /* AppDelegate.swift in Sources */ = {isa = PBXBuildFile; fileRef = AB6DA4F221C1AC2000F8F284 /* AppDelegate.swift */; };
		AB6DA4F821C1AC2000F8F284 /* Main.storyboard in Resources */ = {isa = PBXBuildFile; fileRef = AB6DA4F621C1AC2000F8F284 /* Main.storyboard */; };
		AB6DA4FA21C1AC2E00F8F284 /* Assets.xcassets in Resources */ = {isa = PBXBuildFile; fileRef = AB6DA4F921C1AC2E00F8F284 /* Assets.xcassets */; };
		AB6DA4FD21C1AC2E00F8F284 /* LaunchScreen.storyboard in Resources */ = {isa = PBXBuildFile; fileRef = AB6DA4FB21C1AC2E00F8F284 /* LaunchScreen.storyboard */; };
/* End PBXBuildFile section */

/* Begin PBXFileReference section */
		AB3FEACA21C43D8C00668CC8 /* InternetDetailViewController.swift */ = {isa = PBXFileReference; lastKnownFileType = sourcecode.swift; path = InternetDetailViewController.swift; sourceTree = "<group>"; };
		AB3FEACC21C4454500668CC8 /* InternetMasterViewController.swift */ = {isa = PBXFileReference; lastKnownFileType = sourcecode.swift; path = InternetMasterViewController.swift; sourceTree = "<group>"; };
		AB6DA4EF21C1AC2000F8F284 /* InternetProjectLauren.app */ = {isa = PBXFileReference; explicitFileType = wrapper.application; includeInIndex = 0; path = InternetProjectLauren.app; sourceTree = BUILT_PRODUCTS_DIR; };
		AB6DA4F221C1AC2000F8F284 /* AppDelegate.swift */ = {isa = PBXFileReference; lastKnownFileType = sourcecode.swift; path = AppDelegate.swift; sourceTree = "<group>"; };
		AB6DA4F721C1AC2000F8F284 /* Base */ = {isa = PBXFileReference; lastKnownFileType = file.storyboard; name = Base; path = Base.lproj/Main.storyboard; sourceTree = "<group>"; };
		AB6DA4F921C1AC2E00F8F284 /* Assets.xcassets */ = {isa = PBXFileReference; lastKnownFileType = folder.assetcatalog; path = Assets.xcassets; sourceTree = "<group>"; };
		AB6DA4FC21C1AC2E00F8F284 /* Base */ = {isa = PBXFileReference; lastKnownFileType = file.storyboard; name = Base; path = Base.lproj/LaunchScreen.storyboard; sourceTree = "<group>"; };
		AB6DA4FE21C1AC2E00F8F284 /* Info.plist */ = {isa = PBXFileReference; lastKnownFileType = text.plist.xml; path = Info.plist; sourceTree = "<group>"; };
/* End PBXFileReference section */

/* Begin PBXFrameworksBuildPhase section */
		AB6DA4EC21C1AC2000F8F284 /* Frameworks */ = {
			isa = PBXFrameworksBuildPhase;
			buildActionMask = 2147483647;
			files = (
			);
			runOnlyForDeploymentPostprocessing = 0;
		};
/* End PBXFrameworksBuildPhase section */

/* Begin PBXGroup section */
		AB6DA4E621C1AC2000F8F284 = {
			isa = PBXGroup;
			children = (
				AB6DA4F121C1AC2000F8F284 /* InternetProjectLauren */,
				AB6DA4F021C1AC2000F8F284 /* Products */,
			);
			sourceTree = "<group>";
		};
		AB6DA4F021C1AC2000F8F284 /* Products */ = {
			isa = PBXGroup;
			children = (
				AB6DA4EF21C1AC2000F8F284 /* InternetProjectLauren.app */,
			);
			name = Products;
			sourceTree = "<group>";
		};
		AB6DA4F121C1AC2000F8F284 /* InternetProjectLauren */ = {
			isa = PBXGroup;
			children = (
				AB6DA50421C1AC3D00F8F284 /* Resources */,
				AB6DA50621C1AC4A00F8F284 /* Controller */,
				AB6DA50521C1AC4400F8F284 /* View */,
			);
			path = InternetProjectLauren;
			sourceTree = "<group>";
		};
		AB6DA50421C1AC3D00F8F284 /* Resources */ = {
			isa = PBXGroup;
			children = (
				AB6DA4F921C1AC2E00F8F284 /* Assets.xcassets */,
				AB6DA4F221C1AC2000F8F284 /* AppDelegate.swift */,
				AB6DA4FE21C1AC2E00F8F284 /* Info.plist */,
			);
			path = Resources;
			sourceTree = "<group>";
		};
		AB6DA50521C1AC4400F8F284 /* View */ = {
			isa = PBXGroup;
			children = (
				AB6DA4F621C1AC2000F8F284 /* Main.storyboard */,
				AB6DA4FB21C1AC2E00F8F284 /* LaunchScreen.storyboard */,
			);
			path = View;
			sourceTree = "<group>";
		};
		AB6DA50621C1AC4A00F8F284 /* Controller */ = {
			isa = PBXGroup;
			children = (
				AB3FEACA21C43D8C00668CC8 /* InternetDetailViewController.swift */,
				AB3FEACC21C4454500668CC8 /* InternetMasterViewController.swift */,
			);
			path = Controller;
			sourceTree = "<group>";
		};
/* End PBXGroup section */

/* Begin PBXNativeTarget section */
		AB6DA4EE21C1AC2000F8F284 /* InternetProjectLauren */ = {
			isa = PBXNativeTarget;
			buildConfigurationList = AB6DA50121C1AC2E00F8F284 /* Build configuration list for PBXNativeTarget "InternetProjectLauren" */;
			buildPhases = (
				AB6DA4EB21C1AC2000F8F284 /* Sources */,
				AB6DA4EC21C1AC2000F8F284 /* Frameworks */,
				AB6DA4ED21C1AC2000F8F284 /* Resources */,
			);
			buildRules = (
			);
			dependencies = (
			);
			name = InternetProjectLauren;
			productName = InternetProjectLauren;
			productReference = AB6DA4EF21C1AC2000F8F284 /* InternetProjectLauren.app */;
			productType = "com.apple.product-type.application";
		};
/* End PBXNativeTarget section */

/* Begin PBXProject section */
		AB6DA4E721C1AC2000F8F284 /* Project object */ = {
			isa = PBXProject;
			attributes = {
				LastSwiftUpdateCheck = 1000;
				LastUpgradeCheck = 1000;
				ORGANIZATIONNAME = "Davis, Lauren";
				TargetAttributes = {
					AB6DA4EE21C1AC2000F8F284 = {
						CreatedOnToolsVersion = 10.0;
					};
				};
			};
			buildConfigurationList = AB6DA4EA21C1AC2000F8F284 /* Build configuration list for PBXProject "InternetProjectLauren" */;
			compatibilityVersion = "Xcode 9.3";
			developmentRegion = en;
			hasScannedForEncodings = 0;
			knownRegions = (
				en,
				Base,
			);
			mainGroup = AB6DA4E621C1AC2000F8F284;
			productRefGroup = AB6DA4F021C1AC2000F8F284 /* Products */;
			projectDirPath = "";
			projectRoot = "";
			targets = (
				AB6DA4EE21C1AC2000F8F284 /* InternetProjectLauren */,
			);
		};
/* End PBXProject section */

/* Begin PBXResourcesBuildPhase section */
		AB6DA4ED21C1AC2000F8F284 /* Resources */ = {
			isa = PBXResourcesBuildPhase;
			buildActionMask = 2147483647;
			files = (
				AB6DA4FD21C1AC2E00F8F284 /* LaunchScreen.storyboard in Resources */,
				AB6DA4FA21C1AC2E00F8F284 /* Assets.xcassets in Resources */,
				AB6DA4F821C1AC2000F8F284 /* Main.storyboard in Resources */,
			);
			runOnlyForDeploymentPostprocessing = 0;
		};
/* End PBXResourcesBuildPhase section */

/* Begin PBXSourcesBuildPhase section */
		AB6DA4EB21C1AC2000F8F284 /* Sources */ = {
			isa = PBXSourcesBuildPhase;
			buildActionMask = 2147483647;
			files = (
				AB3FEACB21C43D8C00668CC8 /* InternetDetailViewController.swift in Sources */,
				AB3FEACD21C4454500668CC8 /* InternetMasterViewController.swift in Sources */,
				AB6DA4F321C1AC2000F8F284 /* AppDelegate.swift in Sources */,
			);
			runOnlyForDeploymentPostprocessing = 0;
		};
/* End PBXSourcesBuildPhase section */

/* Begin PBXVariantGroup section */
		AB6DA4F621C1AC2000F8F284 /* Main.storyboard */ = {
			isa = PBXVariantGroup;
			children = (
				AB6DA4F721C1AC2000F8F284 /* Base */,
			);
			name = Main.storyboard;
			sourceTree = "<group>";
		};
		AB6DA4FB21C1AC2E00F8F284 /* LaunchScreen.storyboard */ = {
			isa = PBXVariantGroup;
			children = (
				AB6DA4FC21C1AC2E00F8F284 /* Base */,
			);
			name = LaunchScreen.storyboard;
			sourceTree = "<group>";
		};
/* End PBXVariantGroup section */

/* Begin XCBuildConfiguration section */
		AB6DA4FF21C1AC2E00F8F284 /* Debug */ = {
			isa = XCBuildConfiguration;
			buildSettings = {
				ALWAYS_SEARCH_USER_PATHS = NO;
				CLANG_ANALYZER_NONNULL = YES;
				CLANG_ANALYZER_NUMBER_OBJECT_CONVERSION = YES_AGGRESSIVE;
				CLANG_CXX_LANGUAGE_STANDARD = "gnu++14";
				CLANG_CXX_LIBRARY = "libc++";
				CLANG_ENABLE_MODULES = YES;
				CLANG_ENABLE_OBJC_ARC = YES;
				CLANG_ENABLE_OBJC_WEAK = YES;
				CLANG_WARN_BLOCK_CAPTURE_AUTORELEASING = YES;
				CLANG_WARN_BOOL_CONVERSION = YES;
				CLANG_WARN_COMMA = YES;
				CLANG_WARN_CONSTANT_CONVERSION = YES;
				CLANG_WARN_DEPRECATED_OBJC_IMPLEMENTATIONS = YES;
				CLANG_WARN_DIRECT_OBJC_ISA_USAGE = YES_ERROR;
				CLANG_WARN_DOCUMENTATION_COMMENTS = YES;
				CLANG_WARN_EMPTY_BODY = YES;
				CLANG_WARN_ENUM_CONVERSION = YES;
				CLANG_WARN_INFINITE_RECURSION = YES;
				CLANG_WARN_INT_CONVERSION = YES;
				CLANG_WARN_NON_LITERAL_NULL_CONVERSION = YES;
				CLANG_WARN_OBJC_IMPLICIT_RETAIN_SELF = YES;
				CLANG_WARN_OBJC_LITERAL_CONVERSION = YES;
				CLANG_WARN_OBJC_ROOT_CLASS = YES_ERROR;
				CLANG_WARN_RANGE_LOOP_ANALYSIS = YES;
				CLANG_WARN_STRICT_PROTOTYPES = YES;
				CLANG_WARN_SUSPICIOUS_MOVE = YES;
				CLANG_WARN_UNGUARDED_AVAILABILITY = YES_AGGRESSIVE;
				CLANG_WARN_UNREACHABLE_CODE = YES;
				CLANG_WARN__DUPLICATE_METHOD_MATCH = YES;
				CODE_SIGN_IDENTITY = "iPhone Developer";
				COPY_PHASE_STRIP = NO;
				DEBUG_INFORMATION_FORMAT = dwarf;
				ENABLE_STRICT_OBJC_MSGSEND = YES;
				ENABLE_TESTABILITY = YES;
				GCC_C_LANGUAGE_STANDARD = gnu11;
				GCC_DYNAMIC_NO_PIC = NO;
				GCC_NO_COMMON_BLOCKS = YES;
				GCC_OPTIMIZATION_LEVEL = 0;
				GCC_PREPROCESSOR_DEFINITIONS = (
					"DEBUG=1",
					"$(inherited)",
				);
				GCC_WARN_64_TO_32_BIT_CONVERSION = YES;
				GCC_WARN_ABOUT_RETURN_TYPE = YES_ERROR;
				GCC_WARN_UNDECLARED_SELECTOR = YES;
				GCC_WARN_UNINITIALIZED_AUTOS = YES_AGGRESSIVE;
				GCC_WARN_UNUSED_FUNCTION = YES;
				GCC_WARN_UNUSED_VARIABLE = YES;
				IPHONEOS_DEPLOYMENT_TARGET = 12.0;
				MTL_ENABLE_DEBUG_INFO = INCLUDE_SOURCE;
				MTL_FAST_MATH = YES;
				ONLY_ACTIVE_ARCH = YES;
				SDKROOT = iphoneos;
				SWIFT_ACTIVE_COMPILATION_CONDITIONS = DEBUG;
				SWIFT_OPTIMIZATION_LEVEL = "-Onone";
			};
			name = Debug;
		};
		AB6DA50021C1AC2E00F8F284 /* Release */ = {
			isa = XCBuildConfiguration;
			buildSettings = {
				ALWAYS_SEARCH_USER_PATHS = NO;
				CLANG_ANALYZER_NONNULL = YES;
				CLANG_ANALYZER_NUMBER_OBJECT_CONVERSION = YES_AGGRESSIVE;
				CLANG_CXX_LANGUAGE_STANDARD = "gnu++14";
				CLANG_CXX_LIBRARY = "libc++";
				CLANG_ENABLE_MODULES = YES;
				CLANG_ENABLE_OBJC_ARC = YES;
				CLANG_ENABLE_OBJC_WEAK = YES;
				CLANG_WARN_BLOCK_CAPTURE_AUTORELEASING = YES;
				CLANG_WARN_BOOL_CONVERSION = YES;
				CLANG_WARN_COMMA = YES;
				CLANG_WARN_CONSTANT_CONVERSION = YES;
				CLANG_WARN_DEPRECATED_OBJC_IMPLEMENTATIONS = YES;
				CLANG_WARN_DIRECT_OBJC_ISA_USAGE = YES_ERROR;
				CLANG_WARN_DOCUMENTATION_COMMENTS = YES;
				CLANG_WARN_EMPTY_BODY = YES;
				CLANG_WARN_ENUM_CONVERSION = YES;
				CLANG_WARN_INFINITE_RECURSION = YES;
				CLANG_WARN_INT_CONVERSION = YES;
				CLANG_WARN_NON_LITERAL_NULL_CONVERSION = YES;
				CLANG_WARN_OBJC_IMPLICIT_RETAIN_SELF = YES;
				CLANG_WARN_OBJC_LITERAL_CONVERSION = YES;
				CLANG_WARN_OBJC_ROOT_CLASS = YES_ERROR;
				CLANG_WARN_RANGE_LOOP_ANALYSIS = YES;
				CLANG_WARN_STRICT_PROTOTYPES = YES;
				CLANG_WARN_SUSPICIOUS_MOVE = YES;
				CLANG_WARN_UNGUARDED_AVAILABILITY = YES_AGGRESSIVE;
				CLANG_WARN_UNREACHABLE_CODE = YES;
				CLANG_WARN__DUPLICATE_METHOD_MATCH = YES;
				CODE_SIGN_IDENTITY = "iPhone Developer";
				COPY_PHASE_STRIP = NO;
				DEBUG_INFORMATION_FORMAT = "dwarf-with-dsym";
				ENABLE_NS_ASSERTIONS = NO;
				ENABLE_STRICT_OBJC_MSGSEND = YES;
				GCC_C_LANGUAGE_STANDARD = gnu11;
				GCC_NO_COMMON_BLOCKS = YES;
				GCC_WARN_64_TO_32_BIT_CONVERSION = YES;
				GCC_WARN_ABOUT_RETURN_TYPE = YES_ERROR;
				GCC_WARN_UNDECLARED_SELECTOR = YES;
				GCC_WARN_UNINITIALIZED_AUTOS = YES_AGGRESSIVE;
				GCC_WARN_UNUSED_FUNCTION = YES;
				GCC_WARN_UNUSED_VARIABLE = YES;
				IPHONEOS_DEPLOYMENT_TARGET = 12.0;
				MTL_ENABLE_DEBUG_INFO = NO;
				MTL_FAST_MATH = YES;
				SDKROOT = iphoneos;
				SWIFT_COMPILATION_MODE = wholemodule;
				SWIFT_OPTIMIZATION_LEVEL = "-O";
				VALIDATE_PRODUCT = YES;
			};
			name = Release;
		};
		AB6DA50221C1AC2E00F8F284 /* Debug */ = {
			isa = XCBuildConfiguration;
			buildSettings = {
				ASSETCATALOG_COMPILER_APPICON_NAME = AppIcon;
				CODE_SIGN_STYLE = Automatic;
				INFOPLIST_FILE = "$(SRCROOT)/InternetProjectLauren/Resources/Info.plist";
				LD_RUNPATH_SEARCH_PATHS = (
					"$(inherited)",
					"@executable_path/Frameworks",
				);
				PRODUCT_BUNDLE_IDENTIFIER = CTEC.InternetProjectLauren;
				PRODUCT_NAME = "$(TARGET_NAME)";
				SWIFT_VERSION = 4.2;
				TARGETED_DEVICE_FAMILY = "1,2";
			};
			name = Debug;
		};
		AB6DA50321C1AC2E00F8F284 /* Release */ = {
			isa = XCBuildConfiguration;
			buildSettings = {
				ASSETCATALOG_COMPILER_APPICON_NAME = AppIcon;
				CODE_SIGN_STYLE = Automatic;
				INFOPLIST_FILE = "$(SRCROOT)/InternetProjectLauren/Resources/Info.plist";
				LD_RUNPATH_SEARCH_PATHS = (
					"$(inherited)",
					"@executable_path/Frameworks",
				);
				PRODUCT_BUNDLE_IDENTIFIER = CTEC.InternetProjectLauren;
				PRODUCT_NAME = "$(TARGET_NAME)";
				SWIFT_VERSION = 4.2;
				TARGETED_DEVICE_FAMILY = "1,2";
			};
			name = Release;
		};
/* End XCBuildConfiguration section */

/* Begin XCConfigurationList section */
		AB6DA4EA21C1AC2000F8F284 /* Build configuration list for PBXProject "InternetProjectLauren" */ = {
			isa = XCConfigurationList;
			buildConfigurations = (
				AB6DA4FF21C1AC2E00F8F284 /* Debug */,
				AB6DA50021C1AC2E00F8F284 /* Release */,
			);
			defaultConfigurationIsVisible = 0;
			defaultConfigurationName = Release;
		};
		AB6DA50121C1AC2E00F8F284 /* Build configuration list for PBXNativeTarget "InternetProjectLauren" */ = {
			isa = XCConfigurationList;
			buildConfigurations = (
				AB6DA50221C1AC2E00F8F284 /* Debug */,
				AB6DA50321C1AC2E00F8F284 /* Release */,
			);
			defaultConfigurationIsVisible = 0;
			defaultConfigurationName = Release;
		};
/* End XCConfigurationList section */
	};
	rootObject = AB6DA4E721C1AC2000F8F284 /* Project object */;
}
